[[package]]
name = "spin"
version = "0.4.8"
source = "registry+https://github.com/rust-lang/crates.io-index"

[[package]]
name = "tamago"
version = "0.1.0"
dependencies = [
 "spin 0.4.8 (registry+https://github.com/rust-lang/crates.io-index)",
]

[metadata]
"checksum spin 0.4.8 (registry+https://github.com/rust-lang/crates.io-index)" = "14db77c5b914df6d6173dda9a3b3f5937bd802934fa5edaf934df06a3491e56f"
